
Microsoft Visual Studio Solution File, Format Version 12.00
# Visual Studio Version 17
VisualStudioVersion = 17.3.32819.101
MinimumVisualStudioVersion = 10.0.40219.1
Project("{FAE04EC0-301F-11D3-BF4B-00C04F79EFBC}") = "ejecucion", "ejecucion\ejecucion.csproj", "{8C20509B-A150-487D-88DB-C307D63C859C}"
EndProject
Project("{FAE04EC0-301F-11D3-BF4B-00C04F79EFBC}") = "Clases", "Clases\Clases.csproj", "{E838B29F-338C-4856-A4D2-028431EB55B0}"
EndProject
Global
	GlobalSection(SolutionConfigurationPlatforms) = preSolution
		Debug|Any CPU = Debug|Any CPU
		Release|Any CPU = Release|Any CPU
	EndGlobalSection
	GlobalSection(ProjectConfigurationPlatforms) = postSolution
		{8C20509B-A150-487D-88DB-C307D63C859C}.Debug|Any CPU.ActiveCfg = Release|Any CPU
		{8C20509B-A150-487D-88DB-C307D63C859C}.Debug|Any CPU.Build.0 = Release|Any CPU
		{8C20509B-A150-487D-88DB-C307D63C859C}.Release|Any CPU.ActiveCfg = Release|Any CPU
		{8C20509B-A150-487D-88DB-C307D63C859C}.Release|Any CPU.Build.0 = Release|Any CPU
		{E838B29F-338C-4856-A4D2-028431EB55B0}.Debug|Any CPU.ActiveCfg = Release|Any CPU
		{E838B29F-338C-4856-A4D2-028431EB55B0}.Debug|Any CPU.Build.0 = Release|Any CPU
		{E838B29F-338C-4856-A4D2-028431EB55B0}.Release|Any CPU.ActiveCfg = Release|Any CPU
		{E838B29F-338C-4856-A4D2-028431EB55B0}.Release|Any CPU.Build.0 = Release|Any CPU
	EndGlobalSection
	GlobalSection(SolutionProperties) = preSolution
		HideSolutionNode = FALSE
	EndGlobalSection
	GlobalSection(ExtensibilityGlobals) = postSolution
		SolutionGuid = {7AD4A546-5474-4D8C-A59E-D248BC22A019}
	EndGlobalSection
EndGlobal
